{
  "name": "ifxj-lanmao-mall",
  "version": "1.0.0",
  "lockfileVersion": 1,
  "requires": true,
  "dependencies": {
    "lodash": {
      "version": "4.17.20",
      "resolved": "https://registry.npmjs.org/lodash/-/lodash-4.17.20.tgz",
      "integrity": "sha512-PlhdFcillOINfeV7Ni6oF1TAEayyZBoZ8bcshTHqOYJYlrqzRK5hagpagky5o4HfCzzd1TRkXPMFq6cKk9rGmA=="
    },
    "pako": {
      "version": "1.0.11",
      "resolved": "https://registry.npmjs.org/pako/-/pako-1.0.11.tgz",
      "integrity": "sha512-4hLB8Py4zZce5s4yd9XzopqwVv/yGNhV1Bl8NTmCq1763HeK2+EwVTv+leGeL13Dnh2wfbqowVPXCIO0z4taYw=="
    },
    "taro-navigationbar": {
      "version": "2.1.1",
      "resolved": "https://registry.npmjs.org/taro-navigationbar/-/taro-navigationbar-2.1.1.tgz",
      "integrity": "sha512-c4hcO3/o2cRadNdhv1uuPrGBZS1h0qsK98rs7VLQbmMmJhDOQDcMYzB2aYVeb5WcuaB2gFvVxwxxK5UZKtBOnQ==",
      "requires": {
        "lodash": "^4.17.20"
      }
    }
  }
}
